
Microsoft Visual Studio Solution File, Format Version 12.00
Project("{FAE04EC0-301F-11D3-BF4B-00C04F79EFBC}") = "Get character from ASCII Value", "Get character from ASCII Value\Get character from ASCII Value.csproj", "{EA63B448-2340-49EA-80E5-E634EE60B11D}"
EndProject
Global
	GlobalSection(SolutionConfigurationPlatforms) = preSolution
		Debug|Any CPU = Debug|Any CPU
		Release|Any CPU = Release|Any CPU
	EndGlobalSection
	GlobalSection(ProjectConfigurationPlatforms) = postSolution
		{EA63B448-2340-49EA-80E5-E634EE60B11D}.Debug|Any CPU.ActiveCfg = Debug|Any CPU
		{EA63B448-2340-49EA-80E5-E634EE60B11D}.Debug|Any CPU.Build.0 = Debug|Any CPU
		{EA63B448-2340-49EA-80E5-E634EE60B11D}.Release|Any CPU.ActiveCfg = Release|Any CPU
		{EA63B448-2340-49EA-80E5-E634EE60B11D}.Release|Any CPU.Build.0 = Release|Any CPU
	EndGlobalSection
EndGlobal
